
Microsoft Visual Studio Solution File, Format Version 12.00
# Visual Studio 2013
VisualStudioVersion = 12.0.21005.1
MinimumVisualStudioVersion = 10.0.40219.1
Project("{8BC9CEB8-8B4A-11D0-8D11-00A0C91BC942}") = "Kodisoft Test", "Kodisoft Test\Kodisoft Test.vcxproj", "{9CCD9A0B-12AD-406C-982C-608FE7B57402}"
EndProject
Global
	GlobalSection(SolutionConfigurationPlatforms) = preSolution
		Debug|Win32 = Debug|Win32
		Release|Win32 = Release|Win32
	EndGlobalSection
	GlobalSection(ProjectConfigurationPlatforms) = postSolution
		{9CCD9A0B-12AD-406C-982C-608FE7B57402}.Debug|Win32.ActiveCfg = Release|Win32
		{9CCD9A0B-12AD-406C-982C-608FE7B57402}.Debug|Win32.Build.0 = Release|Win32
		{9CCD9A0B-12AD-406C-982C-608FE7B57402}.Release|Win32.ActiveCfg = Release|Win32
		{9CCD9A0B-12AD-406C-982C-608FE7B57402}.Release|Win32.Build.0 = Release|Win32
	EndGlobalSection
	GlobalSection(SolutionProperties) = preSolution
		HideSolutionNode = FALSE
	EndGlobalSection
EndGlobal
